{
  "version": 4,
  "terraform_version": "0.12.24",
  "serial": 52,
  "lineage": "31ce1725-c5ec-c629-83d3-03662bc5632b",
  "outputs": {
    "ec2_devops_public_ip": {
      "value": "18.140.247.230",
      "type": "string"
    }
  },
  "resources": [
    {
      "mode": "managed",
      "type": "aws_instance",
      "name": "ec2_devops",
      "provider": "provider.aws",
      "instances": [
        {
          "schema_version": 1,
          "attributes": {
            "ami": "ami-09a4a9ce71ff3f20b",
            "arn": "arn:aws:ec2:ap-southeast-1:659759626052:instance/i-05e4f1f3374a826fe",
            "associate_public_ip_address": true,
            "availability_zone": "ap-southeast-1c",
            "cpu_core_count": 1,
            "cpu_threads_per_core": 1,
            "credit_specification": [
              {
                "cpu_credits": "standard"
              }
            ],
            "disable_api_termination": false,
            "ebs_block_device": [],
            "ebs_optimized": false,
            "ephemeral_block_device": [],
            "get_password_data": false,
            "hibernation": false,
            "host_id": null,
            "iam_instance_profile": "",
            "id": "i-05e4f1f3374a826fe",
            "instance_initiated_shutdown_behavior": null,
            "instance_state": "running",
            "instance_type": "t2.micro",
            "ipv6_address_count": 0,
            "ipv6_addresses": [],
            "key_name": "kp_devops",
            "monitoring": false,
            "network_interface": [],
            "network_interface_id": null,
            "password_data": "",
            "placement_group": "",
            "primary_network_interface_id": "eni-079cac6346698738f",
            "private_dns": "ip-192-168-1-98.ap-southeast-1.compute.internal",
            "private_ip": "192.168.1.98",
            "public_dns": "ec2-18-140-247-230.ap-southeast-1.compute.amazonaws.com",
            "public_ip": "18.140.247.230",
            "root_block_device": [
              {
                "delete_on_termination": true,
                "encrypted": false,
                "iops": 100,
                "kms_key_id": "",
                "volume_id": "vol-072d46f5679600fa1",
                "volume_size": 8,
                "volume_type": "gp2"
              }
            ],
            "security_groups": [],
            "source_dest_check": true,
            "subnet_id": "subnet-004e9608fb3b00ddd",
            "tags": {},
            "tenancy": "default",
            "timeouts": null,
            "user_data": null,
            "user_data_base64": null,
            "volume_tags": {},
            "vpc_security_group_ids": [
              "sg-04e705b38378bd438"
            ]
          },
          "private": "eyJlMmJmYjczMC1lY2FhLTExZTYtOGY4OC0zNDM2M2JjN2M0YzAiOnsiY3JlYXRlIjo2MDAwMDAwMDAwMDAsImRlbGV0ZSI6MTIwMDAwMDAwMDAwMCwidXBkYXRlIjo2MDAwMDAwMDAwMDB9LCJzY2hlbWFfdmVyc2lvbiI6IjEifQ==",
          "dependencies": [
            "aws_internet_gateway.gw",
            "aws_key_pair.kp_devops",
            "aws_security_group.sg_devops",
            "aws_subnet.sub_public_devops",
            "aws_vpc.vpc_devops"
          ]
        }
      ]
    },
    {
      "mode": "managed",
      "type": "aws_internet_gateway",
      "name": "gw",
      "provider": "provider.aws",
      "instances": [
        {
          "schema_version": 0,
          "attributes": {
            "id": "igw-08aa33c29f006f71d",
            "owner_id": "659759626052",
            "tags": {},
            "vpc_id": "vpc-054f666e7befbfaf3"
          },
          "private": "bnVsbA==",
          "dependencies": [
            "aws_vpc.vpc_devops"
          ]
        }
      ]
    },
    {
      "mode": "managed",
      "type": "aws_key_pair",
      "name": "kp_devops",
      "provider": "provider.aws",
      "instances": [
        {
          "schema_version": 1,
          "attributes": {
            "fingerprint": "14:22:90:ec:ec:4d:bb:b7:1e:42:b4:ee:a7:88:a7:23",
            "id": "kp_devops",
            "key_name": "kp_devops",
            "key_name_prefix": null,
            "key_pair_id": "key-0927fbe4f84cb728a",
            "public_key": "ssh-rsa AAAAB3NzaC1yc2EAAAADAQABAAACAQC6tpDDI53B/UfZjpYxUieFZ6lcsfBwoX9xw0AriZEew4ym1KBUgv3+7crgIJTSwqMEJJDsL5Blb7lJAbRo4ezdePZESGHURTf44ZksTQ7hfSCKh/fIjQL5i3fjw2VQjrNF5llnAXAZefKenLR7T87Iz6+EC7tZxTFDVQ+mGA4YU6ffThm3HWqDgSBlNM5G40nsV573944EsKXGx90S0mM8ApDl7dPtm7VUu1EaGyvGz/1p8aEEO2Yp1TzGYTGf8+nJVkiIICe33+xs1nMOCfCDPJwatvi9AEn3xyG17nF+sIVcXseKTQvXPyM+jEhC0mAL8rEUbmp9ZtYw2zQoWrliG/s8HkgJA3VjNxglqOe00bLZk/Uua8DN13uzv81f3kyAdA16rsS+wEbfbc/TC75BTSwYaNH/+gfqN4a1HPP2JJ5XnS92SURZqLXYBy4jugAng96DprymQZ6VIdRoZAxKu8azIwPDu4sVau28fhwuqk1biVqGQ4ItV3BeXigqdhnBcOkTmm6c1nCfSuZMTEn2XgTd97qNPZcOJZJilxqP7EaLMhoaEUKuVW5j8Dvg5AbEacbDslc98mlZjIhf/1Q0RYyU4CeQF1Dk1NfQe83zDAn3mKItdY2j6NKcOQpgyrmi8dgAWA3KdWvuKAlcfpdOzxUdEi8YSDvqzJNI17074w== root@ansible",
            "tags": {}
          },
          "private": "eyJzY2hlbWFfdmVyc2lvbiI6IjEifQ=="
        }
      ]
    },
    {
      "mode": "managed",
      "type": "aws_route",
      "name": "access_IGW",
      "provider": "provider.aws",
      "instances": [
        {
          "schema_version": 0,
          "attributes": {
            "destination_cidr_block": "0.0.0.0/0",
            "destination_ipv6_cidr_block": null,
            "destination_prefix_list_id": "",
            "egress_only_gateway_id": "",
            "gateway_id": "igw-08aa33c29f006f71d",
            "id": "r-rtb-0afc77edeb2ed26ab1080289494",
            "instance_id": "",
            "instance_owner_id": "",
            "nat_gateway_id": "",
            "network_interface_id": "",
            "origin": "CreateRoute",
            "route_table_id": "rtb-0afc77edeb2ed26ab",
            "state": "active",
            "timeouts": null,
            "transit_gateway_id": "",
            "vpc_peering_connection_id": ""
          },
          "private": "eyJlMmJmYjczMC1lY2FhLTExZTYtOGY4OC0zNDM2M2JjN2M0YzAiOnsiY3JlYXRlIjoxMjAwMDAwMDAwMDAsImRlbGV0ZSI6MzAwMDAwMDAwMDAwfX0=",
          "dependencies": [
            "aws_internet_gateway.gw",
            "aws_vpc.vpc_devops"
          ]
        }
      ]
    },
    {
      "mode": "managed",
      "type": "aws_security_group",
      "name": "sg_devops",
      "provider": "provider.aws",
      "instances": [
        {
          "schema_version": 1,
          "attributes": {
            "arn": "arn:aws:ec2:ap-southeast-1:659759626052:security-group/sg-04e705b38378bd438",
            "description": "Allow SSH and HTTP traffic",
            "egress": [
              {
                "cidr_blocks": [
                  "0.0.0.0/0"
                ],
                "description": "",
                "from_port": 0,
                "ipv6_cidr_blocks": [],
                "prefix_list_ids": [],
                "protocol": "-1",
                "security_groups": [],
                "self": false,
                "to_port": 0
              }
            ],
            "id": "sg-04e705b38378bd438",
            "ingress": [
              {
                "cidr_blocks": [
                  "0.0.0.0/0"
                ],
                "description": "HTTP access",
                "from_port": 80,
                "ipv6_cidr_blocks": [],
                "prefix_list_ids": [],
                "protocol": "tcp",
                "security_groups": [],
                "self": false,
                "to_port": 80
              },
              {
                "cidr_blocks": [
                  "0.0.0.0/0"
                ],
                "description": "SSH access",
                "from_port": 22,
                "ipv6_cidr_blocks": [],
                "prefix_list_ids": [],
                "protocol": "tcp",
                "security_groups": [],
                "self": false,
                "to_port": 22
              }
            ],
            "name": "sg_devops",
            "name_prefix": null,
            "owner_id": "659759626052",
            "revoke_rules_on_delete": false,
            "tags": {},
            "timeouts": null,
            "vpc_id": "vpc-054f666e7befbfaf3"
          },
          "private": "eyJlMmJmYjczMC1lY2FhLTExZTYtOGY4OC0zNDM2M2JjN2M0YzAiOnsiY3JlYXRlIjo2MDAwMDAwMDAwMDAsImRlbGV0ZSI6NjAwMDAwMDAwMDAwfSwic2NoZW1hX3ZlcnNpb24iOiIxIn0=",
          "dependencies": [
            "aws_vpc.vpc_devops"
          ]
        }
      ]
    },
    {
      "mode": "managed",
      "type": "aws_subnet",
      "name": "sub_public_devops",
      "provider": "provider.aws",
      "instances": [
        {
          "schema_version": 1,
          "attributes": {
            "arn": "arn:aws:ec2:ap-southeast-1:659759626052:subnet/subnet-004e9608fb3b00ddd",
            "assign_ipv6_address_on_creation": false,
            "availability_zone": "ap-southeast-1c",
            "availability_zone_id": "apse1-az3",
            "cidr_block": "192.168.1.0/24",
            "id": "subnet-004e9608fb3b00ddd",
            "ipv6_cidr_block": "",
            "ipv6_cidr_block_association_id": "",
            "map_public_ip_on_launch": true,
            "owner_id": "659759626052",
            "tags": {},
            "timeouts": null,
            "vpc_id": "vpc-054f666e7befbfaf3"
          },
          "private": "eyJlMmJmYjczMC1lY2FhLTExZTYtOGY4OC0zNDM2M2JjN2M0YzAiOnsiY3JlYXRlIjo2MDAwMDAwMDAwMDAsImRlbGV0ZSI6MTIwMDAwMDAwMDAwMH0sInNjaGVtYV92ZXJzaW9uIjoiMSJ9",
          "dependencies": [
            "aws_vpc.vpc_devops"
          ]
        }
      ]
    },
    {
      "mode": "managed",
      "type": "aws_vpc",
      "name": "vpc_devops",
      "provider": "provider.aws",
      "instances": [
        {
          "schema_version": 1,
          "attributes": {
            "arn": "arn:aws:ec2:ap-southeast-1:659759626052:vpc/vpc-054f666e7befbfaf3",
            "assign_generated_ipv6_cidr_block": false,
            "cidr_block": "192.168.0.0/16",
            "default_network_acl_id": "acl-000c6fd413db59c02",
            "default_route_table_id": "rtb-0afc77edeb2ed26ab",
            "default_security_group_id": "sg-08ce17dbae2807800",
            "dhcp_options_id": "dopt-1bd6dc7c",
            "enable_classiclink": false,
            "enable_classiclink_dns_support": false,
            "enable_dns_hostnames": true,
            "enable_dns_support": true,
            "id": "vpc-054f666e7befbfaf3",
            "instance_tenancy": "default",
            "ipv6_association_id": "",
            "ipv6_cidr_block": "",
            "main_route_table_id": "rtb-0afc77edeb2ed26ab",
            "owner_id": "659759626052",
            "tags": {}
          },
          "private": "eyJzY2hlbWFfdmVyc2lvbiI6IjEifQ=="
        }
      ]
    }
  ]
}
